// !$*UTF8*$!
{
	archiveVersion = 1;
	classes = {
	};
	objectVersion = 50;
	objects = {

/* Begin PBXBuildFile section */
		3F36AB1C24ED452D00E14B81 /* CustomTabBarController.swift in Sources */ = {isa = PBXBuildFile; fileRef = 3F36AB1B24ED452C00E14B81 /* CustomTabBarController.swift */; };
		3FECFE4A24ECDEE60012ABCD /* AppDelegate.swift in Sources */ = {isa = PBXBuildFile; fileRef = 3FECFE4924ECDEE60012ABCD /* AppDelegate.swift */; };
		3FECFE4C24ECDEE60012ABCD /* SceneDelegate.swift in Sources */ = {isa = PBXBuildFile; fileRef = 3FECFE4B24ECDEE60012ABCD /* SceneDelegate.swift */; };
		3FECFE4E24ECDEE60012ABCD /* ViewController.swift in Sources */ = {isa = PBXBuildFile; fileRef = 3FECFE4D24ECDEE60012ABCD /* ViewController.swift */; };
		3FECFE5124ECDEE60012ABCD /* Main.storyboard in Resources */ = {isa = PBXBuildFile; fileRef = 3FECFE4F24ECDEE60012ABCD /* Main.storyboard */; };
		3FECFE5324ECDEE80012ABCD /* Assets.xcassets in Resources */ = {isa = PBXBuildFile; fileRef = 3FECFE5224ECDEE80012ABCD /* Assets.xcassets */; };
		3FECFE5624ECDEE80012ABCD /* LaunchScreen.storyboard in Resources */ = {isa = PBXBuildFile; fileRef = 3FECFE5424ECDEE80012ABCD /* LaunchScreen.storyboard */; };
		3FECFE6124ECDEE80012ABCD /* YogaExploreTests.swift in Sources */ = {isa = PBXBuildFile; fileRef = 3FECFE6024ECDEE80012ABCD /* YogaExploreTests.swift */; };
		3FECFE6C24ECDEE80012ABCD /* YogaExploreUITests.swift in Sources */ = {isa = PBXBuildFile; fileRef = 3FECFE6B24ECDEE80012ABCD /* YogaExploreUITests.swift */; };
		3FFCA9E324EE45B400D9639B /* YogaViewController.swift in Sources */ = {isa = PBXBuildFile; fileRef = 3FFCA9E224EE45B400D9639B /* YogaViewController.swift */; };
		3FFCA9E624EE54B100D9639B /* YogaRatingsTableViewCell.swift in Sources */ = {isa = PBXBuildFile; fileRef = 3FFCA9E424EE54B100D9639B /* YogaRatingsTableViewCell.swift */; };
		3FFCA9E724EE54B100D9639B /* YogaRatingsTableViewCell.xib in Resources */ = {isa = PBXBuildFile; fileRef = 3FFCA9E524EE54B100D9639B /* YogaRatingsTableViewCell.xib */; };
		3FFCA9EA24EE669F00D9639B /* YogaAddressDetailsTableViewCell.swift in Sources */ = {isa = PBXBuildFile; fileRef = 3FFCA9E824EE669F00D9639B /* YogaAddressDetailsTableViewCell.swift */; };
		3FFCA9EB24EE669F00D9639B /* YogaAddressDetailsTableViewCell.xib in Resources */ = {isa = PBXBuildFile; fileRef = 3FFCA9E924EE669F00D9639B /* YogaAddressDetailsTableViewCell.xib */; };
/* End PBXBuildFile section */

/* Begin PBXContainerItemProxy section */
		3FECFE5D24ECDEE80012ABCD /* PBXContainerItemProxy */ = {
			isa = PBXContainerItemProxy;
			containerPortal = 3FECFE3E24ECDEE60012ABCD /* Project object */;
			proxyType = 1;
			remoteGlobalIDString = 3FECFE4524ECDEE60012ABCD;
			remoteInfo = YogaExplore;
		};
		3FECFE6824ECDEE80012ABCD /* PBXContainerItemProxy */ = {
			isa = PBXContainerItemProxy;
			containerPortal = 3FECFE3E24ECDEE60012ABCD /* Project object */;
			proxyType = 1;
			remoteGlobalIDString = 3FECFE4524ECDEE60012ABCD;
			remoteInfo = YogaExplore;
		};
/* End PBXContainerItemProxy section */

/* Begin PBXFileReference section */
		3F36AB1B24ED452C00E14B81 /* CustomTabBarController.swift */ = {isa = PBXFileReference; lastKnownFileType = sourcecode.swift; path = CustomTabBarController.swift; sourceTree = "<group>"; };
		3FECFE4624ECDEE60012ABCD /* YogaExplore.app */ = {isa = PBXFileReference; explicitFileType = wrapper.application; includeInIndex = 0; path = YogaExplore.app; sourceTree = BUILT_PRODUCTS_DIR; };
		3FECFE4924ECDEE60012ABCD /* AppDelegate.swift */ = {isa = PBXFileReference; lastKnownFileType = sourcecode.swift; path = AppDelegate.swift; sourceTree = "<group>"; };
		3FECFE4B24ECDEE60012ABCD /* SceneDelegate.swift */ = {isa = PBXFileReference; lastKnownFileType = sourcecode.swift; path = SceneDelegate.swift; sourceTree = "<group>"; };
		3FECFE4D24ECDEE60012ABCD /* ViewController.swift */ = {isa = PBXFileReference; lastKnownFileType = sourcecode.swift; path = ViewController.swift; sourceTree = "<group>"; };
		3FECFE5024ECDEE60012ABCD /* Base */ = {isa = PBXFileReference; lastKnownFileType = file.storyboard; name = Base; path = Base.lproj/Main.storyboard; sourceTree = "<group>"; };
		3FECFE5224ECDEE80012ABCD /* Assets.xcassets */ = {isa = PBXFileReference; lastKnownFileType = folder.assetcatalog; path = Assets.xcassets; sourceTree = "<group>"; };
		3FECFE5524ECDEE80012ABCD /* Base */ = {isa = PBXFileReference; lastKnownFileType = file.storyboard; name = Base; path = Base.lproj/LaunchScreen.storyboard; sourceTree = "<group>"; };
		3FECFE5724ECDEE80012ABCD /* Info.plist */ = {isa = PBXFileReference; lastKnownFileType = text.plist.xml; path = Info.plist; sourceTree = "<group>"; };
		3FECFE5C24ECDEE80012ABCD /* YogaExploreTests.xctest */ = {isa = PBXFileReference; explicitFileType = wrapper.cfbundle; includeInIndex = 0; path = YogaExploreTests.xctest; sourceTree = BUILT_PRODUCTS_DIR; };
		3FECFE6024ECDEE80012ABCD /* YogaExploreTests.swift */ = {isa = PBXFileReference; lastKnownFileType = sourcecode.swift; path = YogaExploreTests.swift; sourceTree = "<group>"; };
		3FECFE6224ECDEE80012ABCD /* Info.plist */ = {isa = PBXFileReference; lastKnownFileType = text.plist.xml; path = Info.plist; sourceTree = "<group>"; };
		3FECFE6724ECDEE80012ABCD /* YogaExploreUITests.xctest */ = {isa = PBXFileReference; explicitFileType = wrapper.cfbundle; includeInIndex = 0; path = YogaExploreUITests.xctest; sourceTree = BUILT_PRODUCTS_DIR; };
		3FECFE6B24ECDEE80012ABCD /* YogaExploreUITests.swift */ = {isa = PBXFileReference; lastKnownFileType = sourcecode.swift; path = YogaExploreUITests.swift; sourceTree = "<group>"; };
		3FECFE6D24ECDEE80012ABCD /* Info.plist */ = {isa = PBXFileReference; lastKnownFileType = text.plist.xml; path = Info.plist; sourceTree = "<group>"; };
		3FFCA9E224EE45B400D9639B /* YogaViewController.swift */ = {isa = PBXFileReference; lastKnownFileType = sourcecode.swift; path = YogaViewController.swift; sourceTree = "<group>"; };
		3FFCA9E424EE54B100D9639B /* YogaRatingsTableViewCell.swift */ = {isa = PBXFileReference; lastKnownFileType = sourcecode.swift; path = YogaRatingsTableViewCell.swift; sourceTree = "<group>"; };
		3FFCA9E524EE54B100D9639B /* YogaRatingsTableViewCell.xib */ = {isa = PBXFileReference; lastKnownFileType = file.xib; path = YogaRatingsTableViewCell.xib; sourceTree = "<group>"; };
		3FFCA9E824EE669F00D9639B /* YogaAddressDetailsTableViewCell.swift */ = {isa = PBXFileReference; lastKnownFileType = sourcecode.swift; path = YogaAddressDetailsTableViewCell.swift; sourceTree = "<group>"; };
		3FFCA9E924EE669F00D9639B /* YogaAddressDetailsTableViewCell.xib */ = {isa = PBXFileReference; lastKnownFileType = file.xib; path = YogaAddressDetailsTableViewCell.xib; sourceTree = "<group>"; };
/* End PBXFileReference section */

/* Begin PBXFrameworksBuildPhase section */
		3FECFE4324ECDEE60012ABCD /* Frameworks */ = {
			isa = PBXFrameworksBuildPhase;
			buildActionMask = 2147483647;
			files = (
			);
			runOnlyForDeploymentPostprocessing = 0;
		};
		3FECFE5924ECDEE80012ABCD /* Frameworks */ = {
			isa = PBXFrameworksBuildPhase;
			buildActionMask = 2147483647;
			files = (
			);
			runOnlyForDeploymentPostprocessing = 0;
		};
		3FECFE6424ECDEE80012ABCD /* Frameworks */ = {
			isa = PBXFrameworksBuildPhase;
			buildActionMask = 2147483647;
			files = (
			);
			runOnlyForDeploymentPostprocessing = 0;
		};
/* End PBXFrameworksBuildPhase section */

/* Begin PBXGroup section */
		3FECFE3D24ECDEE60012ABCD = {
			isa = PBXGroup;
			children = (
				3FECFE4824ECDEE60012ABCD /* YogaExplore */,
				3FECFE5F24ECDEE80012ABCD /* YogaExploreTests */,
				3FECFE6A24ECDEE80012ABCD /* YogaExploreUITests */,
				3FECFE4724ECDEE60012ABCD /* Products */,
			);
			sourceTree = "<group>";
		};
		3FECFE4724ECDEE60012ABCD /* Products */ = {
			isa = PBXGroup;
			children = (
				3FECFE4624ECDEE60012ABCD /* YogaExplore.app */,
				3FECFE5C24ECDEE80012ABCD /* YogaExploreTests.xctest */,
				3FECFE6724ECDEE80012ABCD /* YogaExploreUITests.xctest */,
			);
			name = Products;
			sourceTree = "<group>";
		};
		3FECFE4824ECDEE60012ABCD /* YogaExplore */ = {
			isa = PBXGroup;
			children = (
				3FECFE4924ECDEE60012ABCD /* AppDelegate.swift */,
				3FECFE4B24ECDEE60012ABCD /* SceneDelegate.swift */,
				3FECFE4D24ECDEE60012ABCD /* ViewController.swift */,
				3F36AB1B24ED452C00E14B81 /* CustomTabBarController.swift */,
				3FFCA9E224EE45B400D9639B /* YogaViewController.swift */,
				3FECFE4F24ECDEE60012ABCD /* Main.storyboard */,
				3FFCA9E424EE54B100D9639B /* YogaRatingsTableViewCell.swift */,
				3FFCA9E524EE54B100D9639B /* YogaRatingsTableViewCell.xib */,
				3FFCA9E824EE669F00D9639B /* YogaAddressDetailsTableViewCell.swift */,
				3FFCA9E924EE669F00D9639B /* YogaAddressDetailsTableViewCell.xib */,
				3FECFE5224ECDEE80012ABCD /* Assets.xcassets */,
				3FECFE5424ECDEE80012ABCD /* LaunchScreen.storyboard */,
				3FECFE5724ECDEE80012ABCD /* Info.plist */,
			);
			path = YogaExplore;
			sourceTree = "<group>";
		};
		3FECFE5F24ECDEE80012ABCD /* YogaExploreTests */ = {
			isa = PBXGroup;
			children = (
				3FECFE6024ECDEE80012ABCD /* YogaExploreTests.swift */,
				3FECFE6224ECDEE80012ABCD /* Info.plist */,
			);
			path = YogaExploreTests;
			sourceTree = "<group>";
		};
		3FECFE6A24ECDEE80012ABCD /* YogaExploreUITests */ = {
			isa = PBXGroup;
			children = (
				3FECFE6B24ECDEE80012ABCD /* YogaExploreUITests.swift */,
				3FECFE6D24ECDEE80012ABCD /* Info.plist */,
			);
			path = YogaExploreUITests;
			sourceTree = "<group>";
		};
/* End PBXGroup section */

/* Begin PBXNativeTarget section */
		3FECFE4524ECDEE60012ABCD /* YogaExplore */ = {
			isa = PBXNativeTarget;
			buildConfigurationList = 3FECFE7024ECDEE80012ABCD /* Build configuration list for PBXNativeTarget "YogaExplore" */;
			buildPhases = (
				3FECFE4224ECDEE60012ABCD /* Sources */,
				3FECFE4324ECDEE60012ABCD /* Frameworks */,
				3FECFE4424ECDEE60012ABCD /* Resources */,
			);
			buildRules = (
			);
			dependencies = (
			);
			name = YogaExplore;
			productName = YogaExplore;
			productReference = 3FECFE4624ECDEE60012ABCD /* YogaExplore.app */;
			productType = "com.apple.product-type.application";
		};
		3FECFE5B24ECDEE80012ABCD /* YogaExploreTests */ = {
			isa = PBXNativeTarget;
			buildConfigurationList = 3FECFE7324ECDEE80012ABCD /* Build configuration list for PBXNativeTarget "YogaExploreTests" */;
			buildPhases = (
				3FECFE5824ECDEE80012ABCD /* Sources */,
				3FECFE5924ECDEE80012ABCD /* Frameworks */,
				3FECFE5A24ECDEE80012ABCD /* Resources */,
			);
			buildRules = (
			);
			dependencies = (
				3FECFE5E24ECDEE80012ABCD /* PBXTargetDependency */,
			);
			name = YogaExploreTests;
			productName = YogaExploreTests;
			productReference = 3FECFE5C24ECDEE80012ABCD /* YogaExploreTests.xctest */;
			productType = "com.apple.product-type.bundle.unit-test";
		};
		3FECFE6624ECDEE80012ABCD /* YogaExploreUITests */ = {
			isa = PBXNativeTarget;
			buildConfigurationList = 3FECFE7624ECDEE80012ABCD /* Build configuration list for PBXNativeTarget "YogaExploreUITests" */;
			buildPhases = (
				3FECFE6324ECDEE80012ABCD /* Sources */,
				3FECFE6424ECDEE80012ABCD /* Frameworks */,
				3FECFE6524ECDEE80012ABCD /* Resources */,
			);
			buildRules = (
			);
			dependencies = (
				3FECFE6924ECDEE80012ABCD /* PBXTargetDependency */,
			);
			name = YogaExploreUITests;
			productName = YogaExploreUITests;
			productReference = 3FECFE6724ECDEE80012ABCD /* YogaExploreUITests.xctest */;
			productType = "com.apple.product-type.bundle.ui-testing";
		};
/* End PBXNativeTarget section */

/* Begin PBXProject section */
		3FECFE3E24ECDEE60012ABCD /* Project object */ = {
			isa = PBXProject;
			attributes = {
				LastSwiftUpdateCheck = 1160;
				LastUpgradeCheck = 1160;
				ORGANIZATIONNAME = "Abhijeet Barge";
				TargetAttributes = {
					3FECFE4524ECDEE60012ABCD = {
						CreatedOnToolsVersion = 11.6;
					};
					3FECFE5B24ECDEE80012ABCD = {
						CreatedOnToolsVersion = 11.6;
						TestTargetID = 3FECFE4524ECDEE60012ABCD;
					};
					3FECFE6624ECDEE80012ABCD = {
						CreatedOnToolsVersion = 11.6;
						TestTargetID = 3FECFE4524ECDEE60012ABCD;
					};
				};
			};
			buildConfigurationList = 3FECFE4124ECDEE60012ABCD /* Build configuration list for PBXProject "YogaExplore" */;
			compatibilityVersion = "Xcode 9.3";
			developmentRegion = en;
			hasScannedForEncodings = 0;
			knownRegions = (
				en,
				Base,
			);
			mainGroup = 3FECFE3D24ECDEE60012ABCD;
			productRefGroup = 3FECFE4724ECDEE60012ABCD /* Products */;
			projectDirPath = "";
			projectRoot = "";
			targets = (
				3FECFE4524ECDEE60012ABCD /* YogaExplore */,
				3FECFE5B24ECDEE80012ABCD /* YogaExploreTests */,
				3FECFE6624ECDEE80012ABCD /* YogaExploreUITests */,
			);
		};
/* End PBXProject section */

/* Begin PBXResourcesBuildPhase section */
		3FECFE4424ECDEE60012ABCD /* Resources */ = {
			isa = PBXResourcesBuildPhase;
			buildActionMask = 2147483647;
			files = (
				3FFCA9E724EE54B100D9639B /* YogaRatingsTableViewCell.xib in Resources */,
				3FFCA9EB24EE669F00D9639B /* YogaAddressDetailsTableViewCell.xib in Resources */,
				3FECFE5624ECDEE80012ABCD /* LaunchScreen.storyboard in Resources */,
				3FECFE5324ECDEE80012ABCD /* Assets.xcassets in Resources */,
				3FECFE5124ECDEE60012ABCD /* Main.storyboard in Resources */,
			);
			runOnlyForDeploymentPostprocessing = 0;
		};
		3FECFE5A24ECDEE80012ABCD /* Resources */ = {
			isa = PBXResourcesBuildPhase;
			buildActionMask = 2147483647;
			files = (
			);
			runOnlyForDeploymentPostprocessing = 0;
		};
		3FECFE6524ECDEE80012ABCD /* Resources */ = {
			isa = PBXResourcesBuildPhase;
			buildActionMask = 2147483647;
			files = (
			);
			runOnlyForDeploymentPostprocessing = 0;
		};
/* End PBXResourcesBuildPhase section */

/* Begin PBXSourcesBuildPhase section */
		3FECFE4224ECDEE60012ABCD /* Sources */ = {
			isa = PBXSourcesBuildPhase;
			buildActionMask = 2147483647;
			files = (
				3FECFE4E24ECDEE60012ABCD /* ViewController.swift in Sources */,
				3FFCA9E324EE45B400D9639B /* YogaViewController.swift in Sources */,
				3FFCA9E624EE54B100D9639B /* YogaRatingsTableViewCell.swift in Sources */,
				3FECFE4A24ECDEE60012ABCD /* AppDelegate.swift in Sources */,
				3FFCA9EA24EE669F00D9639B /* YogaAddressDetailsTableViewCell.swift in Sources */,
				3FECFE4C24ECDEE60012ABCD /* SceneDelegate.swift in Sources */,
				3F36AB1C24ED452D00E14B81 /* CustomTabBarController.swift in Sources */,
			);
			runOnlyForDeploymentPostprocessing = 0;
		};
		3FECFE5824ECDEE80012ABCD /* Sources */ = {
			isa = PBXSourcesBuildPhase;
			buildActionMask = 2147483647;
			files = (
				3FECFE6124ECDEE80012ABCD /* YogaExploreTests.swift in Sources */,
			);
			runOnlyForDeploymentPostprocessing = 0;
		};
		3FECFE6324ECDEE80012ABCD /* Sources */ = {
			isa = PBXSourcesBuildPhase;
			buildActionMask = 2147483647;
			files = (
				3FECFE6C24ECDEE80012ABCD /* YogaExploreUITests.swift in Sources */,
			);
			runOnlyForDeploymentPostprocessing = 0;
		};
/* End PBXSourcesBuildPhase section */

/* Begin PBXTargetDependency section */
		3FECFE5E24ECDEE80012ABCD /* PBXTargetDependency */ = {
			isa = PBXTargetDependency;
			target = 3FECFE4524ECDEE60012ABCD /* YogaExplore */;
			targetProxy = 3FECFE5D24ECDEE80012ABCD /* PBXContainerItemProxy */;
		};
		3FECFE6924ECDEE80012ABCD /* PBXTargetDependency */ = {
			isa = PBXTargetDependency;
			target = 3FECFE4524ECDEE60012ABCD /* YogaExplore */;
			targetProxy = 3FECFE6824ECDEE80012ABCD /* PBXContainerItemProxy */;
		};
/* End PBXTargetDependency section */

/* Begin PBXVariantGroup section */
		3FECFE4F24ECDEE60012ABCD /* Main.storyboard */ = {
			isa = PBXVariantGroup;
			children = (
				3FECFE5024ECDEE60012ABCD /* Base */,
			);
			name = Main.storyboard;
			sourceTree = "<group>";
		};
		3FECFE5424ECDEE80012ABCD /* LaunchScreen.storyboard */ = {
			isa = PBXVariantGroup;
			children = (
				3FECFE5524ECDEE80012ABCD /* Base */,
			);
			name = LaunchScreen.storyboard;
			sourceTree = "<group>";
		};
/* End PBXVariantGroup section */

/* Begin XCBuildConfiguration section */
		3FECFE6E24ECDEE80012ABCD /* Debug */ = {
			isa = XCBuildConfiguration;
			buildSettings = {
				ALWAYS_SEARCH_USER_PATHS = NO;
				CLANG_ANALYZER_NONNULL = YES;
				CLANG_ANALYZER_NUMBER_OBJECT_CONVERSION = YES_AGGRESSIVE;
				CLANG_CXX_LANGUAGE_STANDARD = "gnu++14";
				CLANG_CXX_LIBRARY = "libc++";
				CLANG_ENABLE_MODULES = YES;
				CLANG_ENABLE_OBJC_ARC = YES;
				CLANG_ENABLE_OBJC_WEAK = YES;
				CLANG_WARN_BLOCK_CAPTURE_AUTORELEASING = YES;
				CLANG_WARN_BOOL_CONVERSION = YES;
				CLANG_WARN_COMMA = YES;
				CLANG_WARN_CONSTANT_CONVERSION = YES;
				CLANG_WARN_DEPRECATED_OBJC_IMPLEMENTATIONS = YES;
				CLANG_WARN_DIRECT_OBJC_ISA_USAGE = YES_ERROR;
				CLANG_WARN_DOCUMENTATION_COMMENTS = YES;
				CLANG_WARN_EMPTY_BODY = YES;
				CLANG_WARN_ENUM_CONVERSION = YES;
				CLANG_WARN_INFINITE_RECURSION = YES;
				CLANG_WARN_INT_CONVERSION = YES;
				CLANG_WARN_NON_LITERAL_NULL_CONVERSION = YES;
				CLANG_WARN_OBJC_IMPLICIT_RETAIN_SELF = YES;
				CLANG_WARN_OBJC_LITERAL_CONVERSION = YES;
				CLANG_WARN_OBJC_ROOT_CLASS = YES_ERROR;
				CLANG_WARN_RANGE_LOOP_ANALYSIS = YES;
				CLANG_WARN_STRICT_PROTOTYPES = YES;
				CLANG_WARN_SUSPICIOUS_MOVE = YES;
				CLANG_WARN_UNGUARDED_AVAILABILITY = YES_AGGRESSIVE;
				CLANG_WARN_UNREACHABLE_CODE = YES;
				CLANG_WARN__DUPLICATE_METHOD_MATCH = YES;
				COPY_PHASE_STRIP = NO;
				DEBUG_INFORMATION_FORMAT = dwarf;
				ENABLE_STRICT_OBJC_MSGSEND = YES;
				ENABLE_TESTABILITY = YES;
				GCC_C_LANGUAGE_STANDARD = gnu11;
				GCC_DYNAMIC_NO_PIC = NO;
				GCC_NO_COMMON_BLOCKS = YES;
				GCC_OPTIMIZATION_LEVEL = 0;
				GCC_PREPROCESSOR_DEFINITIONS = (
					"DEBUG=1",
					"$(inherited)",
				);
				GCC_WARN_64_TO_32_BIT_CONVERSION = YES;
				GCC_WARN_ABOUT_RETURN_TYPE = YES_ERROR;
				GCC_WARN_UNDECLARED_SELECTOR = YES;
				GCC_WARN_UNINITIALIZED_AUTOS = YES_AGGRESSIVE;
				GCC_WARN_UNUSED_FUNCTION = YES;
				GCC_WARN_UNUSED_VARIABLE = YES;
				IPHONEOS_DEPLOYMENT_TARGET = 13.6;
				MTL_ENABLE_DEBUG_INFO = INCLUDE_SOURCE;
				MTL_FAST_MATH = YES;
				ONLY_ACTIVE_ARCH = YES;
				SDKROOT = iphoneos;
				SWIFT_ACTIVE_COMPILATION_CONDITIONS = DEBUG;
				SWIFT_OPTIMIZATION_LEVEL = "-Onone";
			};
			name = Debug;
		};
		3FECFE6F24ECDEE80012ABCD /* Release */ = {
			isa = XCBuildConfiguration;
			buildSettings = {
				ALWAYS_SEARCH_USER_PATHS = NO;
				CLANG_ANALYZER_NONNULL = YES;
				CLANG_ANALYZER_NUMBER_OBJECT_CONVERSION = YES_AGGRESSIVE;
				CLANG_CXX_LANGUAGE_STANDARD = "gnu++14";
				CLANG_CXX_LIBRARY = "libc++";
				CLANG_ENABLE_MODULES = YES;
				CLANG_ENABLE_OBJC_ARC = YES;
				CLANG_ENABLE_OBJC_WEAK = YES;
				CLANG_WARN_BLOCK_CAPTURE_AUTORELEASING = YES;
				CLANG_WARN_BOOL_CONVERSION = YES;
				CLANG_WARN_COMMA = YES;
				CLANG_WARN_CONSTANT_CONVERSION = YES;
				CLANG_WARN_DEPRECATED_OBJC_IMPLEMENTATIONS = YES;
				CLANG_WARN_DIRECT_OBJC_ISA_USAGE = YES_ERROR;
				CLANG_WARN_DOCUMENTATION_COMMENTS = YES;
				CLANG_WARN_EMPTY_BODY = YES;
				CLANG_WARN_ENUM_CONVERSION = YES;
				CLANG_WARN_INFINITE_RECURSION = YES;
				CLANG_WARN_INT_CONVERSION = YES;
				CLANG_WARN_NON_LITERAL_NULL_CONVERSION = YES;
				CLANG_WARN_OBJC_IMPLICIT_RETAIN_SELF = YES;
				CLANG_WARN_OBJC_LITERAL_CONVERSION = YES;
				CLANG_WARN_OBJC_ROOT_CLASS = YES_ERROR;
				CLANG_WARN_RANGE_LOOP_ANALYSIS = YES;
				CLANG_WARN_STRICT_PROTOTYPES = YES;
				CLANG_WARN_SUSPICIOUS_MOVE = YES;
				CLANG_WARN_UNGUARDED_AVAILABILITY = YES_AGGRESSIVE;
				CLANG_WARN_UNREACHABLE_CODE = YES;
				CLANG_WARN__DUPLICATE_METHOD_MATCH = YES;
				COPY_PHASE_STRIP = NO;
				DEBUG_INFORMATION_FORMAT = "dwarf-with-dsym";
				ENABLE_NS_ASSERTIONS = NO;
				ENABLE_STRICT_OBJC_MSGSEND = YES;
				GCC_C_LANGUAGE_STANDARD = gnu11;
				GCC_NO_COMMON_BLOCKS = YES;
				GCC_WARN_64_TO_32_BIT_CONVERSION = YES;
				GCC_WARN_ABOUT_RETURN_TYPE = YES_ERROR;
				GCC_WARN_UNDECLARED_SELECTOR = YES;
				GCC_WARN_UNINITIALIZED_AUTOS = YES_AGGRESSIVE;
				GCC_WARN_UNUSED_FUNCTION = YES;
				GCC_WARN_UNUSED_VARIABLE = YES;
				IPHONEOS_DEPLOYMENT_TARGET = 13.6;
				MTL_ENABLE_DEBUG_INFO = NO;
				MTL_FAST_MATH = YES;
				SDKROOT = iphoneos;
				SWIFT_COMPILATION_MODE = wholemodule;
				SWIFT_OPTIMIZATION_LEVEL = "-O";
				VALIDATE_PRODUCT = YES;
			};
			name = Release;
		};
		3FECFE7124ECDEE80012ABCD /* Debug */ = {
			isa = XCBuildConfiguration;
			buildSettings = {
				ASSETCATALOG_COMPILER_APPICON_NAME = AppIcon;
				CODE_SIGN_STYLE = Automatic;
				INFOPLIST_FILE = YogaExplore/Info.plist;
				IPHONEOS_DEPLOYMENT_TARGET = 10.0;
				LD_RUNPATH_SEARCH_PATHS = (
					"$(inherited)",
					"@executable_path/Frameworks",
				);
				PRODUCT_BUNDLE_IDENTIFIER = com.YogaExplore;
				PRODUCT_NAME = "$(TARGET_NAME)";
				SWIFT_VERSION = 5.0;
				TARGETED_DEVICE_FAMILY = 1;
			};
			name = Debug;
		};
		3FECFE7224ECDEE80012ABCD /* Release */ = {
			isa = XCBuildConfiguration;
			buildSettings = {
				ASSETCATALOG_COMPILER_APPICON_NAME = AppIcon;
				CODE_SIGN_STYLE = Automatic;
				INFOPLIST_FILE = YogaExplore/Info.plist;
				IPHONEOS_DEPLOYMENT_TARGET = 10.0;
				LD_RUNPATH_SEARCH_PATHS = (
					"$(inherited)",
					"@executable_path/Frameworks",
				);
				PRODUCT_BUNDLE_IDENTIFIER = com.YogaExplore;
				PRODUCT_NAME = "$(TARGET_NAME)";
				SWIFT_VERSION = 5.0;
				TARGETED_DEVICE_FAMILY = 1;
			};
			name = Release;
		};
		3FECFE7424ECDEE80012ABCD /* Debug */ = {
			isa = XCBuildConfiguration;
			buildSettings = {
				ALWAYS_EMBED_SWIFT_STANDARD_LIBRARIES = YES;
				BUNDLE_LOADER = "$(TEST_HOST)";
				CODE_SIGN_STYLE = Automatic;
				INFOPLIST_FILE = YogaExploreTests/Info.plist;
				IPHONEOS_DEPLOYMENT_TARGET = 13.6;
				LD_RUNPATH_SEARCH_PATHS = (
					"$(inherited)",
					"@executable_path/Frameworks",
					"@loader_path/Frameworks",
				);
				PRODUCT_BUNDLE_IDENTIFIER = com.YogaExploreTests;
				PRODUCT_NAME = "$(TARGET_NAME)";
				SWIFT_VERSION = 5.0;
				TARGETED_DEVICE_FAMILY = "1,2";
				TEST_HOST = "$(BUILT_PRODUCTS_DIR)/YogaExplore.app/YogaExplore";
			};
			name = Debug;
		};
		3FECFE7524ECDEE80012ABCD /* Release */ = {
			isa = XCBuildConfiguration;
			buildSettings = {
				ALWAYS_EMBED_SWIFT_STANDARD_LIBRARIES = YES;
				BUNDLE_LOADER = "$(TEST_HOST)";
				CODE_SIGN_STYLE = Automatic;
				INFOPLIST_FILE = YogaExploreTests/Info.plist;
				IPHONEOS_DEPLOYMENT_TARGET = 13.6;
				LD_RUNPATH_SEARCH_PATHS = (
					"$(inherited)",
					"@executable_path/Frameworks",
					"@loader_path/Frameworks",
				);
				PRODUCT_BUNDLE_IDENTIFIER = com.YogaExploreTests;
				PRODUCT_NAME = "$(TARGET_NAME)";
				SWIFT_VERSION = 5.0;
				TARGETED_DEVICE_FAMILY = "1,2";
				TEST_HOST = "$(BUILT_PRODUCTS_DIR)/YogaExplore.app/YogaExplore";
			};
			name = Release;
		};
		3FECFE7724ECDEE80012ABCD /* Debug */ = {
			isa = XCBuildConfiguration;
			buildSettings = {
				ALWAYS_EMBED_SWIFT_STANDARD_LIBRARIES = YES;
				CODE_SIGN_STYLE = Automatic;
				INFOPLIST_FILE = YogaExploreUITests/Info.plist;
				LD_RUNPATH_SEARCH_PATHS = (
					"$(inherited)",
					"@executable_path/Frameworks",
					"@loader_path/Frameworks",
				);
				PRODUCT_BUNDLE_IDENTIFIER = com.YogaExploreUITests;
				PRODUCT_NAME = "$(TARGET_NAME)";
				SWIFT_VERSION = 5.0;
				TARGETED_DEVICE_FAMILY = "1,2";
				TEST_TARGET_NAME = YogaExplore;
			};
			name = Debug;
		};
		3FECFE7824ECDEE80012ABCD /* Release */ = {
			isa = XCBuildConfiguration;
			buildSettings = {
				ALWAYS_EMBED_SWIFT_STANDARD_LIBRARIES = YES;
				CODE_SIGN_STYLE = Automatic;
				INFOPLIST_FILE = YogaExploreUITests/Info.plist;
				LD_RUNPATH_SEARCH_PATHS = (
					"$(inherited)",
					"@executable_path/Frameworks",
					"@loader_path/Frameworks",
				);
				PRODUCT_BUNDLE_IDENTIFIER = com.YogaExploreUITests;
				PRODUCT_NAME = "$(TARGET_NAME)";
				SWIFT_VERSION = 5.0;
				TARGETED_DEVICE_FAMILY = "1,2";
				TEST_TARGET_NAME = YogaExplore;
			};
			name = Release;
		};
/* End XCBuildConfiguration section */

/* Begin XCConfigurationList section */
		3FECFE4124ECDEE60012ABCD /* Build configuration list for PBXProject "YogaExplore" */ = {
			isa = XCConfigurationList;
			buildConfigurations = (
				3FECFE6E24ECDEE80012ABCD /* Debug */,
				3FECFE6F24ECDEE80012ABCD /* Release */,
			);
			defaultConfigurationIsVisible = 0;
			defaultConfigurationName = Release;
		};
		3FECFE7024ECDEE80012ABCD /* Build configuration list for PBXNativeTarget "YogaExplore" */ = {
			isa = XCConfigurationList;
			buildConfigurations = (
				3FECFE7124ECDEE80012ABCD /* Debug */,
				3FECFE7224ECDEE80012ABCD /* Release */,
			);
			defaultConfigurationIsVisible = 0;
			defaultConfigurationName = Release;
		};
		3FECFE7324ECDEE80012ABCD /* Build configuration list for PBXNativeTarget "YogaExploreTests" */ = {
			isa = XCConfigurationList;
			buildConfigurations = (
				3FECFE7424ECDEE80012ABCD /* Debug */,
				3FECFE7524ECDEE80012ABCD /* Release */,
			);
			defaultConfigurationIsVisible = 0;
			defaultConfigurationName = Release;
		};
		3FECFE7624ECDEE80012ABCD /* Build configuration list for PBXNativeTarget "YogaExploreUITests" */ = {
			isa = XCConfigurationList;
			buildConfigurations = (
				3FECFE7724ECDEE80012ABCD /* Debug */,
				3FECFE7824ECDEE80012ABCD /* Release */,
			);
			defaultConfigurationIsVisible = 0;
			defaultConfigurationName = Release;
		};
/* End XCConfigurationList section */
	};
	rootObject = 3FECFE3E24ECDEE60012ABCD /* Project object */;
}
